
Microsoft Visual Studio Solution File, Format Version 12.00
# Visual Studio 15
Project("{FAE04EC0-301F-11D3-BF4B-00C04F79EFBC}") = "MVCMovie", "MVCMovie\MVCMovie.csproj", "{985971E8-7FA0-44B2-AF12-EE5668811770}"
EndProject
Global
	GlobalSection(SolutionConfigurationPlatforms) = preSolution
		Debug|Any CPU = Debug|Any CPU
		Release|Any CPU = Release|Any CPU
	EndGlobalSection
	GlobalSection(ProjectConfigurationPlatforms) = postSolution
		{985971E8-7FA0-44B2-AF12-EE5668811770}.Debug|Any CPU.ActiveCfg = Debug|Any CPU
		{985971E8-7FA0-44B2-AF12-EE5668811770}.Debug|Any CPU.Build.0 = Debug|Any CPU
		{985971E8-7FA0-44B2-AF12-EE5668811770}.Release|Any CPU.ActiveCfg = Release|Any CPU
		{985971E8-7FA0-44B2-AF12-EE5668811770}.Release|Any CPU.Build.0 = Release|Any CPU
	EndGlobalSection
EndGlobal
